// !$*UTF8*$!
{
	archiveVersion = 1;
	classes = {
	};
	objectVersion = 48;
	objects = {

/* Begin PBXBuildFile section */
		160F8FF120199D52002578AA /* AppDelegate.swift in Sources */ = {isa = PBXBuildFile; fileRef = 160F8FF020199D52002578AA /* AppDelegate.swift */; };
		160F8FF320199D52002578AA /* ViewController.swift in Sources */ = {isa = PBXBuildFile; fileRef = 160F8FF220199D52002578AA /* ViewController.swift */; };
		160F8FF620199D52002578AA /* Main.storyboard in Resources */ = {isa = PBXBuildFile; fileRef = 160F8FF420199D52002578AA /* Main.storyboard */; };
		160F8FF820199D52002578AA /* Assets.xcassets in Resources */ = {isa = PBXBuildFile; fileRef = 160F8FF720199D52002578AA /* Assets.xcassets */; };
		160F8FFB20199D52002578AA /* LaunchScreen.storyboard in Resources */ = {isa = PBXBuildFile; fileRef = 160F8FF920199D52002578AA /* LaunchScreen.storyboard */; };
		160F90032019A70A002578AA /* Circular Button.swift in Sources */ = {isa = PBXBuildFile; fileRef = 160F90022019A70A002578AA /* Circular Button.swift */; };
/* End PBXBuildFile section */

/* Begin PBXFileReference section */
		160F8FED20199D52002578AA /* Nick Says.app */ = {isa = PBXFileReference; explicitFileType = wrapper.application; includeInIndex = 0; path = "Nick Says.app"; sourceTree = BUILT_PRODUCTS_DIR; };
		160F8FF020199D52002578AA /* AppDelegate.swift */ = {isa = PBXFileReference; lastKnownFileType = sourcecode.swift; path = AppDelegate.swift; sourceTree = "<group>"; };
		160F8FF220199D52002578AA /* ViewController.swift */ = {isa = PBXFileReference; lastKnownFileType = sourcecode.swift; path = ViewController.swift; sourceTree = "<group>"; };
		160F8FF520199D52002578AA /* Base */ = {isa = PBXFileReference; lastKnownFileType = file.storyboard; name = Base; path = Base.lproj/Main.storyboard; sourceTree = "<group>"; };
		160F8FF720199D52002578AA /* Assets.xcassets */ = {isa = PBXFileReference; lastKnownFileType = folder.assetcatalog; path = Assets.xcassets; sourceTree = "<group>"; };
		160F8FFA20199D52002578AA /* Base */ = {isa = PBXFileReference; lastKnownFileType = file.storyboard; name = Base; path = Base.lproj/LaunchScreen.storyboard; sourceTree = "<group>"; };
		160F8FFC20199D52002578AA /* Info.plist */ = {isa = PBXFileReference; lastKnownFileType = text.plist.xml; path = Info.plist; sourceTree = "<group>"; };
		160F90022019A70A002578AA /* Circular Button.swift */ = {isa = PBXFileReference; lastKnownFileType = sourcecode.swift; path = "Circular Button.swift"; sourceTree = "<group>"; };
/* End PBXFileReference section */

/* Begin PBXFrameworksBuildPhase section */
		160F8FEA20199D52002578AA /* Frameworks */ = {
			isa = PBXFrameworksBuildPhase;
			buildActionMask = 2147483647;
			files = (
			);
			runOnlyForDeploymentPostprocessing = 0;
		};
/* End PBXFrameworksBuildPhase section */

/* Begin PBXGroup section */
		160F8FE420199D52002578AA = {
			isa = PBXGroup;
			children = (
				160F8FEF20199D52002578AA /* Nick Says */,
				160F8FEE20199D52002578AA /* Products */,
			);
			sourceTree = "<group>";
		};
		160F8FEE20199D52002578AA /* Products */ = {
			isa = PBXGroup;
			children = (
				160F8FED20199D52002578AA /* Nick Says.app */,
			);
			name = Products;
			sourceTree = "<group>";
		};
		160F8FEF20199D52002578AA /* Nick Says */ = {
			isa = PBXGroup;
			children = (
				160F8FF020199D52002578AA /* AppDelegate.swift */,
				160F8FF220199D52002578AA /* ViewController.swift */,
				160F8FF420199D52002578AA /* Main.storyboard */,
				160F8FF720199D52002578AA /* Assets.xcassets */,
				160F8FF920199D52002578AA /* LaunchScreen.storyboard */,
				160F8FFC20199D52002578AA /* Info.plist */,
				160F90022019A70A002578AA /* Circular Button.swift */,
			);
			path = "Nick Says";
			sourceTree = "<group>";
		};
/* End PBXGroup section */

/* Begin PBXNativeTarget section */
		160F8FEC20199D52002578AA /* Nick Says */ = {
			isa = PBXNativeTarget;
			buildConfigurationList = 160F8FFF20199D52002578AA /* Build configuration list for PBXNativeTarget "Nick Says" */;
			buildPhases = (
				160F8FE920199D52002578AA /* Sources */,
				160F8FEA20199D52002578AA /* Frameworks */,
				160F8FEB20199D52002578AA /* Resources */,
			);
			buildRules = (
			);
			dependencies = (
			);
			name = "Nick Says";
			productName = "Nick Says";
			productReference = 160F8FED20199D52002578AA /* Nick Says.app */;
			productType = "com.apple.product-type.application";
		};
/* End PBXNativeTarget section */

/* Begin PBXProject section */
		160F8FE520199D52002578AA /* Project object */ = {
			isa = PBXProject;
			attributes = {
				LastSwiftUpdateCheck = 0920;
				LastUpgradeCheck = 0920;
				ORGANIZATIONNAME = "Slick Software";
				TargetAttributes = {
					160F8FEC20199D52002578AA = {
						CreatedOnToolsVersion = 9.2;
						ProvisioningStyle = Automatic;
					};
				};
			};
			buildConfigurationList = 160F8FE820199D52002578AA /* Build configuration list for PBXProject "Nick Says" */;
			compatibilityVersion = "Xcode 8.0";
			developmentRegion = en;
			hasScannedForEncodings = 0;
			knownRegions = (
				en,
				Base,
			);
			mainGroup = 160F8FE420199D52002578AA;
			productRefGroup = 160F8FEE20199D52002578AA /* Products */;
			projectDirPath = "";
			projectRoot = "";
			targets = (
				160F8FEC20199D52002578AA /* Nick Says */,
			);
		};
/* End PBXProject section */

/* Begin PBXResourcesBuildPhase section */
		160F8FEB20199D52002578AA /* Resources */ = {
			isa = PBXResourcesBuildPhase;
			buildActionMask = 2147483647;
			files = (
				160F8FFB20199D52002578AA /* LaunchScreen.storyboard in Resources */,
				160F8FF820199D52002578AA /* Assets.xcassets in Resources */,
				160F8FF620199D52002578AA /* Main.storyboard in Resources */,
			);
			runOnlyForDeploymentPostprocessing = 0;
		};
/* End PBXResourcesBuildPhase section */

/* Begin PBXSourcesBuildPhase section */
		160F8FE920199D52002578AA /* Sources */ = {
			isa = PBXSourcesBuildPhase;
			buildActionMask = 2147483647;
			files = (
				160F90032019A70A002578AA /* Circular Button.swift in Sources */,
				160F8FF320199D52002578AA /* ViewController.swift in Sources */,
				160F8FF120199D52002578AA /* AppDelegate.swift in Sources */,
			);
			runOnlyForDeploymentPostprocessing = 0;
		};
/* End PBXSourcesBuildPhase section */

/* Begin PBXVariantGroup section */
		160F8FF420199D52002578AA /* Main.storyboard */ = {
			isa = PBXVariantGroup;
			children = (
				160F8FF520199D52002578AA /* Base */,
			);
			name = Main.storyboard;
			sourceTree = "<group>";
		};
		160F8FF920199D52002578AA /* LaunchScreen.storyboard */ = {
			isa = PBXVariantGroup;
			children = (
				160F8FFA20199D52002578AA /* Base */,
			);
			name = LaunchScreen.storyboard;
			sourceTree = "<group>";
		};
/* End PBXVariantGroup section */

/* Begin XCBuildConfiguration section */
		160F8FFD20199D52002578AA /* Debug */ = {
			isa = XCBuildConfiguration;
			buildSettings = {
				ALWAYS_SEARCH_USER_PATHS = NO;
				CLANG_ANALYZER_NONNULL = YES;
				CLANG_ANALYZER_NUMBER_OBJECT_CONVERSION = YES_AGGRESSIVE;
				CLANG_CXX_LANGUAGE_STANDARD = "gnu++14";
				CLANG_CXX_LIBRARY = "libc++";
				CLANG_ENABLE_MODULES = YES;
				CLANG_ENABLE_OBJC_ARC = YES;
				CLANG_WARN_BLOCK_CAPTURE_AUTORELEASING = YES;
				CLANG_WARN_BOOL_CONVERSION = YES;
				CLANG_WARN_COMMA = YES;
				CLANG_WARN_CONSTANT_CONVERSION = YES;
				CLANG_WARN_DIRECT_OBJC_ISA_USAGE = YES_ERROR;
				CLANG_WARN_DOCUMENTATION_COMMENTS = YES;
				CLANG_WARN_EMPTY_BODY = YES;
				CLANG_WARN_ENUM_CONVERSION = YES;
				CLANG_WARN_INFINITE_RECURSION = YES;
				CLANG_WARN_INT_CONVERSION = YES;
				CLANG_WARN_NON_LITERAL_NULL_CONVERSION = YES;
				CLANG_WARN_OBJC_LITERAL_CONVERSION = YES;
				CLANG_WARN_OBJC_ROOT_CLASS = YES_ERROR;
				CLANG_WARN_RANGE_LOOP_ANALYSIS = YES;
				CLANG_WARN_STRICT_PROTOTYPES = YES;
				CLANG_WARN_SUSPICIOUS_MOVE = YES;
				CLANG_WARN_UNGUARDED_AVAILABILITY = YES_AGGRESSIVE;
				CLANG_WARN_UNREACHABLE_CODE = YES;
				CLANG_WARN__DUPLICATE_METHOD_MATCH = YES;
				CODE_SIGN_IDENTITY = "iPhone Developer";
				COPY_PHASE_STRIP = NO;
				DEBUG_INFORMATION_FORMAT = dwarf;
				ENABLE_STRICT_OBJC_MSGSEND = YES;
				ENABLE_TESTABILITY = YES;
				GCC_C_LANGUAGE_STANDARD = gnu11;
				GCC_DYNAMIC_NO_PIC = NO;
				GCC_NO_COMMON_BLOCKS = YES;
				GCC_OPTIMIZATION_LEVEL = 0;
				GCC_PREPROCESSOR_DEFINITIONS = (
					"DEBUG=1",
					"$(inherited)",
				);
				GCC_WARN_64_TO_32_BIT_CONVERSION = YES;
				GCC_WARN_ABOUT_RETURN_TYPE = YES_ERROR;
				GCC_WARN_UNDECLARED_SELECTOR = YES;
				GCC_WARN_UNINITIALIZED_AUTOS = YES_AGGRESSIVE;
				GCC_WARN_UNUSED_FUNCTION = YES;
				GCC_WARN_UNUSED_VARIABLE = YES;
				IPHONEOS_DEPLOYMENT_TARGET = 11.2;
				MTL_ENABLE_DEBUG_INFO = YES;
				ONLY_ACTIVE_ARCH = YES;
				SDKROOT = iphoneos;
				SWIFT_ACTIVE_COMPILATION_CONDITIONS = DEBUG;
				SWIFT_OPTIMIZATION_LEVEL = "-Onone";
			};
			name = Debug;
		};
		160F8FFE20199D52002578AA /* Release */ = {
			isa = XCBuildConfiguration;
			buildSettings = {
				ALWAYS_SEARCH_USER_PATHS = NO;
				CLANG_ANALYZER_NONNULL = YES;
				CLANG_ANALYZER_NUMBER_OBJECT_CONVERSION = YES_AGGRESSIVE;
				CLANG_CXX_LANGUAGE_STANDARD = "gnu++14";
				CLANG_CXX_LIBRARY = "libc++";
				CLANG_ENABLE_MODULES = YES;
				CLANG_ENABLE_OBJC_ARC = YES;
				CLANG_WARN_BLOCK_CAPTURE_AUTORELEASING = YES;
				CLANG_WARN_BOOL_CONVERSION = YES;
				CLANG_WARN_COMMA = YES;
				CLANG_WARN_CONSTANT_CONVERSION = YES;
				CLANG_WARN_DIRECT_OBJC_ISA_USAGE = YES_ERROR;
				CLANG_WARN_DOCUMENTATION_COMMENTS = YES;
				CLANG_WARN_EMPTY_BODY = YES;
				CLANG_WARN_ENUM_CONVERSION = YES;
				CLANG_WARN_INFINITE_RECURSION = YES;
				CLANG_WARN_INT_CONVERSION = YES;
				CLANG_WARN_NON_LITERAL_NULL_CONVERSION = YES;
				CLANG_WARN_OBJC_LITERAL_CONVERSION = YES;
				CLANG_WARN_OBJC_ROOT_CLASS = YES_ERROR;
				CLANG_WARN_RANGE_LOOP_ANALYSIS = YES;
				CLANG_WARN_STRICT_PROTOTYPES = YES;
				CLANG_WARN_SUSPICIOUS_MOVE = YES;
				CLANG_WARN_UNGUARDED_AVAILABILITY = YES_AGGRESSIVE;
				CLANG_WARN_UNREACHABLE_CODE = YES;
				CLANG_WARN__DUPLICATE_METHOD_MATCH = YES;
				CODE_SIGN_IDENTITY = "iPhone Developer";
				COPY_PHASE_STRIP = NO;
				DEBUG_INFORMATION_FORMAT = "dwarf-with-dsym";
				ENABLE_NS_ASSERTIONS = NO;
				ENABLE_STRICT_OBJC_MSGSEND = YES;
				GCC_C_LANGUAGE_STANDARD = gnu11;
				GCC_NO_COMMON_BLOCKS = YES;
				GCC_WARN_64_TO_32_BIT_CONVERSION = YES;
				GCC_WARN_ABOUT_RETURN_TYPE = YES_ERROR;
				GCC_WARN_UNDECLARED_SELECTOR = YES;
				GCC_WARN_UNINITIALIZED_AUTOS = YES_AGGRESSIVE;
				GCC_WARN_UNUSED_FUNCTION = YES;
				GCC_WARN_UNUSED_VARIABLE = YES;
				IPHONEOS_DEPLOYMENT_TARGET = 11.2;
				MTL_ENABLE_DEBUG_INFO = NO;
				SDKROOT = iphoneos;
				SWIFT_OPTIMIZATION_LEVEL = "-Owholemodule";
				VALIDATE_PRODUCT = YES;
			};
			name = Release;
		};
		160F900020199D52002578AA /* Debug */ = {
			isa = XCBuildConfiguration;
			buildSettings = {
				ASSETCATALOG_COMPILER_APPICON_NAME = AppIcon;
				CODE_SIGN_STYLE = Automatic;
				DEVELOPMENT_TEAM = 85NLAYD7JS;
				INFOPLIST_FILE = "Nick Says/Info.plist";
				LD_RUNPATH_SEARCH_PATHS = "$(inherited) @executable_path/Frameworks";
				PRODUCT_BUNDLE_IDENTIFIER = "com.clarkn.Nick-Says";
				PRODUCT_NAME = "$(TARGET_NAME)";
				SWIFT_VERSION = 4.0;
				TARGETED_DEVICE_FAMILY = "1,2";
			};
			name = Debug;
		};
		160F900120199D52002578AA /* Release */ = {
			isa = XCBuildConfiguration;
			buildSettings = {
				ASSETCATALOG_COMPILER_APPICON_NAME = AppIcon;
				CODE_SIGN_STYLE = Automatic;
				DEVELOPMENT_TEAM = 85NLAYD7JS;
				INFOPLIST_FILE = "Nick Says/Info.plist";
				LD_RUNPATH_SEARCH_PATHS = "$(inherited) @executable_path/Frameworks";
				PRODUCT_BUNDLE_IDENTIFIER = "com.clarkn.Nick-Says";
				PRODUCT_NAME = "$(TARGET_NAME)";
				SWIFT_VERSION = 4.0;
				TARGETED_DEVICE_FAMILY = "1,2";
			};
			name = Release;
		};
/* End XCBuildConfiguration section */

/* Begin XCConfigurationList section */
		160F8FE820199D52002578AA /* Build configuration list for PBXProject "Nick Says" */ = {
			isa = XCConfigurationList;
			buildConfigurations = (
				160F8FFD20199D52002578AA /* Debug */,
				160F8FFE20199D52002578AA /* Release */,
			);
			defaultConfigurationIsVisible = 0;
			defaultConfigurationName = Release;
		};
		160F8FFF20199D52002578AA /* Build configuration list for PBXNativeTarget "Nick Says" */ = {
			isa = XCConfigurationList;
			buildConfigurations = (
				160F900020199D52002578AA /* Debug */,
				160F900120199D52002578AA /* Release */,
			);
			defaultConfigurationIsVisible = 0;
			defaultConfigurationName = Release;
		};
/* End XCConfigurationList section */
	};
	rootObject = 160F8FE520199D52002578AA /* Project object */;
}
